{
  "name": "ajs-platforms_lib_usage",
  "version": "1.0.0",
  "lockfileVersion": 3,
  "requires": true,
  "packages": {
    "": {
      "name": "ajs-platforms_lib_usage",
      "version": "1.0.0",
      "license": "ISC",
      "dependencies": {
        "@silverscreened19/ajs-platforms": "^1.0.0"
      }
    },
    "node_modules/@silverscreened19/ajs-platforms": {
      "version": "1.0.0",
      "resolved": "https://npm.pkg.github.com/download/@silverscreened19/ajs-platforms/1.0.0/b5fd47a5282a13c70342608351f72689989212ea",
      "integrity": "sha512-GlM6We6kSuNsQDwoZPXuaWeuz5jb+6zLROodVLltVc8LVVWeSc0W9UyzZ6Z5VYxDT91BgmWahwqfKW/7Y4lQKA==",
      "license": "ISC"
    }
  }
}
